// !$*UTF8*$!
{
	archiveVersion = 1;
	classes = {
	};
	objectVersion = 50;
	objects = {

/* Begin PBXBuildFile section */
		5EA13D8223C96FC100DB436E /* AppDelegate.swift in Sources */ = {isa = PBXBuildFile; fileRef = 5EA13D8123C96FC100DB436E /* AppDelegate.swift */; };
		5EA13D8423C96FC200DB436E /* SceneDelegate.swift in Sources */ = {isa = PBXBuildFile; fileRef = 5EA13D8323C96FC200DB436E /* SceneDelegate.swift */; };
		5EA13D8623C96FC200DB436E /* ViewController.swift in Sources */ = {isa = PBXBuildFile; fileRef = 5EA13D8523C96FC200DB436E /* ViewController.swift */; };
		5EA13D8923C96FC200DB436E /* Main.storyboard in Resources */ = {isa = PBXBuildFile; fileRef = 5EA13D8723C96FC200DB436E /* Main.storyboard */; };
		5EA13D8B23C96FC300DB436E /* Assets.xcassets in Resources */ = {isa = PBXBuildFile; fileRef = 5EA13D8A23C96FC300DB436E /* Assets.xcassets */; };
		5EA13D8E23C96FC300DB436E /* LaunchScreen.storyboard in Resources */ = {isa = PBXBuildFile; fileRef = 5EA13D8C23C96FC300DB436E /* LaunchScreen.storyboard */; };
		5EA13D9923C96FC400DB436E /* tippyv2Tests.swift in Sources */ = {isa = PBXBuildFile; fileRef = 5EA13D9823C96FC400DB436E /* tippyv2Tests.swift */; };
		5EA13DA423C96FC400DB436E /* tippyv2UITests.swift in Sources */ = {isa = PBXBuildFile; fileRef = 5EA13DA323C96FC400DB436E /* tippyv2UITests.swift */; };
/* End PBXBuildFile section */

/* Begin PBXContainerItemProxy section */
		5EA13D9523C96FC400DB436E /* PBXContainerItemProxy */ = {
			isa = PBXContainerItemProxy;
			containerPortal = 5EA13D7623C96FC100DB436E /* Project object */;
			proxyType = 1;
			remoteGlobalIDString = 5EA13D7D23C96FC100DB436E;
			remoteInfo = tippyv2;
		};
		5EA13DA023C96FC400DB436E /* PBXContainerItemProxy */ = {
			isa = PBXContainerItemProxy;
			containerPortal = 5EA13D7623C96FC100DB436E /* Project object */;
			proxyType = 1;
			remoteGlobalIDString = 5EA13D7D23C96FC100DB436E;
			remoteInfo = tippyv2;
		};
/* End PBXContainerItemProxy section */

/* Begin PBXFileReference section */
		5EA13D7E23C96FC100DB436E /* tippyv2.app */ = {isa = PBXFileReference; explicitFileType = wrapper.application; includeInIndex = 0; path = tippyv2.app; sourceTree = BUILT_PRODUCTS_DIR; };
		5EA13D8123C96FC100DB436E /* AppDelegate.swift */ = {isa = PBXFileReference; lastKnownFileType = sourcecode.swift; path = AppDelegate.swift; sourceTree = "<group>"; };
		5EA13D8323C96FC200DB436E /* SceneDelegate.swift */ = {isa = PBXFileReference; lastKnownFileType = sourcecode.swift; path = SceneDelegate.swift; sourceTree = "<group>"; };
		5EA13D8523C96FC200DB436E /* ViewController.swift */ = {isa = PBXFileReference; lastKnownFileType = sourcecode.swift; path = ViewController.swift; sourceTree = "<group>"; };
		5EA13D8823C96FC200DB436E /* Base */ = {isa = PBXFileReference; lastKnownFileType = file.storyboard; name = Base; path = Base.lproj/Main.storyboard; sourceTree = "<group>"; };
		5EA13D8A23C96FC300DB436E /* Assets.xcassets */ = {isa = PBXFileReference; lastKnownFileType = folder.assetcatalog; path = Assets.xcassets; sourceTree = "<group>"; };
		5EA13D8D23C96FC300DB436E /* Base */ = {isa = PBXFileReference; lastKnownFileType = file.storyboard; name = Base; path = Base.lproj/LaunchScreen.storyboard; sourceTree = "<group>"; };
		5EA13D8F23C96FC300DB436E /* Info.plist */ = {isa = PBXFileReference; lastKnownFileType = text.plist.xml; path = Info.plist; sourceTree = "<group>"; };
		5EA13D9423C96FC400DB436E /* tippyv2Tests.xctest */ = {isa = PBXFileReference; explicitFileType = wrapper.cfbundle; includeInIndex = 0; path = tippyv2Tests.xctest; sourceTree = BUILT_PRODUCTS_DIR; };
		5EA13D9823C96FC400DB436E /* tippyv2Tests.swift */ = {isa = PBXFileReference; lastKnownFileType = sourcecode.swift; path = tippyv2Tests.swift; sourceTree = "<group>"; };
		5EA13D9A23C96FC400DB436E /* Info.plist */ = {isa = PBXFileReference; lastKnownFileType = text.plist.xml; path = Info.plist; sourceTree = "<group>"; };
		5EA13D9F23C96FC400DB436E /* tippyv2UITests.xctest */ = {isa = PBXFileReference; explicitFileType = wrapper.cfbundle; includeInIndex = 0; path = tippyv2UITests.xctest; sourceTree = BUILT_PRODUCTS_DIR; };
		5EA13DA323C96FC400DB436E /* tippyv2UITests.swift */ = {isa = PBXFileReference; lastKnownFileType = sourcecode.swift; path = tippyv2UITests.swift; sourceTree = "<group>"; };
		5EA13DA523C96FC400DB436E /* Info.plist */ = {isa = PBXFileReference; lastKnownFileType = text.plist.xml; path = Info.plist; sourceTree = "<group>"; };
/* End PBXFileReference section */

/* Begin PBXFrameworksBuildPhase section */
		5EA13D7B23C96FC100DB436E /* Frameworks */ = {
			isa = PBXFrameworksBuildPhase;
			buildActionMask = 2147483647;
			files = (
			);
			runOnlyForDeploymentPostprocessing = 0;
		};
		5EA13D9123C96FC400DB436E /* Frameworks */ = {
			isa = PBXFrameworksBuildPhase;
			buildActionMask = 2147483647;
			files = (
			);
			runOnlyForDeploymentPostprocessing = 0;
		};
		5EA13D9C23C96FC400DB436E /* Frameworks */ = {
			isa = PBXFrameworksBuildPhase;
			buildActionMask = 2147483647;
			files = (
			);
			runOnlyForDeploymentPostprocessing = 0;
		};
/* End PBXFrameworksBuildPhase section */

/* Begin PBXGroup section */
		5EA13D7523C96FC100DB436E = {
			isa = PBXGroup;
			children = (
				5EA13D8023C96FC100DB436E /* tippyv2 */,
				5EA13D9723C96FC400DB436E /* tippyv2Tests */,
				5EA13DA223C96FC400DB436E /* tippyv2UITests */,
				5EA13D7F23C96FC100DB436E /* Products */,
			);
			sourceTree = "<group>";
		};
		5EA13D7F23C96FC100DB436E /* Products */ = {
			isa = PBXGroup;
			children = (
				5EA13D7E23C96FC100DB436E /* tippyv2.app */,
				5EA13D9423C96FC400DB436E /* tippyv2Tests.xctest */,
				5EA13D9F23C96FC400DB436E /* tippyv2UITests.xctest */,
			);
			name = Products;
			sourceTree = "<group>";
		};
		5EA13D8023C96FC100DB436E /* tippyv2 */ = {
			isa = PBXGroup;
			children = (
				5EA13D8123C96FC100DB436E /* AppDelegate.swift */,
				5EA13D8323C96FC200DB436E /* SceneDelegate.swift */,
				5EA13D8523C96FC200DB436E /* ViewController.swift */,
				5EA13D8723C96FC200DB436E /* Main.storyboard */,
				5EA13D8A23C96FC300DB436E /* Assets.xcassets */,
				5EA13D8C23C96FC300DB436E /* LaunchScreen.storyboard */,
				5EA13D8F23C96FC300DB436E /* Info.plist */,
			);
			path = tippyv2;
			sourceTree = "<group>";
		};
		5EA13D9723C96FC400DB436E /* tippyv2Tests */ = {
			isa = PBXGroup;
			children = (
				5EA13D9823C96FC400DB436E /* tippyv2Tests.swift */,
				5EA13D9A23C96FC400DB436E /* Info.plist */,
			);
			path = tippyv2Tests;
			sourceTree = "<group>";
		};
		5EA13DA223C96FC400DB436E /* tippyv2UITests */ = {
			isa = PBXGroup;
			children = (
				5EA13DA323C96FC400DB436E /* tippyv2UITests.swift */,
				5EA13DA523C96FC400DB436E /* Info.plist */,
			);
			path = tippyv2UITests;
			sourceTree = "<group>";
		};
/* End PBXGroup section */

/* Begin PBXNativeTarget section */
		5EA13D7D23C96FC100DB436E /* tippyv2 */ = {
			isa = PBXNativeTarget;
			buildConfigurationList = 5EA13DA823C96FC400DB436E /* Build configuration list for PBXNativeTarget "tippyv2" */;
			buildPhases = (
				5EA13D7A23C96FC100DB436E /* Sources */,
				5EA13D7B23C96FC100DB436E /* Frameworks */,
				5EA13D7C23C96FC100DB436E /* Resources */,
			);
			buildRules = (
			);
			dependencies = (
			);
			name = tippyv2;
			productName = tippyv2;
			productReference = 5EA13D7E23C96FC100DB436E /* tippyv2.app */;
			productType = "com.apple.product-type.application";
		};
		5EA13D9323C96FC400DB436E /* tippyv2Tests */ = {
			isa = PBXNativeTarget;
			buildConfigurationList = 5EA13DAB23C96FC400DB436E /* Build configuration list for PBXNativeTarget "tippyv2Tests" */;
			buildPhases = (
				5EA13D9023C96FC400DB436E /* Sources */,
				5EA13D9123C96FC400DB436E /* Frameworks */,
				5EA13D9223C96FC400DB436E /* Resources */,
			);
			buildRules = (
			);
			dependencies = (
				5EA13D9623C96FC400DB436E /* PBXTargetDependency */,
			);
			name = tippyv2Tests;
			productName = tippyv2Tests;
			productReference = 5EA13D9423C96FC400DB436E /* tippyv2Tests.xctest */;
			productType = "com.apple.product-type.bundle.unit-test";
		};
		5EA13D9E23C96FC400DB436E /* tippyv2UITests */ = {
			isa = PBXNativeTarget;
			buildConfigurationList = 5EA13DAE23C96FC400DB436E /* Build configuration list for PBXNativeTarget "tippyv2UITests" */;
			buildPhases = (
				5EA13D9B23C96FC400DB436E /* Sources */,
				5EA13D9C23C96FC400DB436E /* Frameworks */,
				5EA13D9D23C96FC400DB436E /* Resources */,
			);
			buildRules = (
			);
			dependencies = (
				5EA13DA123C96FC400DB436E /* PBXTargetDependency */,
			);
			name = tippyv2UITests;
			productName = tippyv2UITests;
			productReference = 5EA13D9F23C96FC400DB436E /* tippyv2UITests.xctest */;
			productType = "com.apple.product-type.bundle.ui-testing";
		};
/* End PBXNativeTarget section */

/* Begin PBXProject section */
		5EA13D7623C96FC100DB436E /* Project object */ = {
			isa = PBXProject;
			attributes = {
				LastSwiftUpdateCheck = 1130;
				LastUpgradeCheck = 1130;
				ORGANIZATIONNAME = "Arpit Sharma";
				TargetAttributes = {
					5EA13D7D23C96FC100DB436E = {
						CreatedOnToolsVersion = 11.3;
					};
					5EA13D9323C96FC400DB436E = {
						CreatedOnToolsVersion = 11.3;
						TestTargetID = 5EA13D7D23C96FC100DB436E;
					};
					5EA13D9E23C96FC400DB436E = {
						CreatedOnToolsVersion = 11.3;
						TestTargetID = 5EA13D7D23C96FC100DB436E;
					};
				};
			};
			buildConfigurationList = 5EA13D7923C96FC100DB436E /* Build configuration list for PBXProject "tippyv2" */;
			compatibilityVersion = "Xcode 9.3";
			developmentRegion = en;
			hasScannedForEncodings = 0;
			knownRegions = (
				en,
				Base,
			);
			mainGroup = 5EA13D7523C96FC100DB436E;
			productRefGroup = 5EA13D7F23C96FC100DB436E /* Products */;
			projectDirPath = "";
			projectRoot = "";
			targets = (
				5EA13D7D23C96FC100DB436E /* tippyv2 */,
				5EA13D9323C96FC400DB436E /* tippyv2Tests */,
				5EA13D9E23C96FC400DB436E /* tippyv2UITests */,
			);
		};
/* End PBXProject section */

/* Begin PBXResourcesBuildPhase section */
		5EA13D7C23C96FC100DB436E /* Resources */ = {
			isa = PBXResourcesBuildPhase;
			buildActionMask = 2147483647;
			files = (
				5EA13D8E23C96FC300DB436E /* LaunchScreen.storyboard in Resources */,
				5EA13D8B23C96FC300DB436E /* Assets.xcassets in Resources */,
				5EA13D8923C96FC200DB436E /* Main.storyboard in Resources */,
			);
			runOnlyForDeploymentPostprocessing = 0;
		};
		5EA13D9223C96FC400DB436E /* Resources */ = {
			isa = PBXResourcesBuildPhase;
			buildActionMask = 2147483647;
			files = (
			);
			runOnlyForDeploymentPostprocessing = 0;
		};
		5EA13D9D23C96FC400DB436E /* Resources */ = {
			isa = PBXResourcesBuildPhase;
			buildActionMask = 2147483647;
			files = (
			);
			runOnlyForDeploymentPostprocessing = 0;
		};
/* End PBXResourcesBuildPhase section */

/* Begin PBXSourcesBuildPhase section */
		5EA13D7A23C96FC100DB436E /* Sources */ = {
			isa = PBXSourcesBuildPhase;
			buildActionMask = 2147483647;
			files = (
				5EA13D8623C96FC200DB436E /* ViewController.swift in Sources */,
				5EA13D8223C96FC100DB436E /* AppDelegate.swift in Sources */,
				5EA13D8423C96FC200DB436E /* SceneDelegate.swift in Sources */,
			);
			runOnlyForDeploymentPostprocessing = 0;
		};
		5EA13D9023C96FC400DB436E /* Sources */ = {
			isa = PBXSourcesBuildPhase;
			buildActionMask = 2147483647;
			files = (
				5EA13D9923C96FC400DB436E /* tippyv2Tests.swift in Sources */,
			);
			runOnlyForDeploymentPostprocessing = 0;
		};
		5EA13D9B23C96FC400DB436E /* Sources */ = {
			isa = PBXSourcesBuildPhase;
			buildActionMask = 2147483647;
			files = (
				5EA13DA423C96FC400DB436E /* tippyv2UITests.swift in Sources */,
			);
			runOnlyForDeploymentPostprocessing = 0;
		};
/* End PBXSourcesBuildPhase section */

/* Begin PBXTargetDependency section */
		5EA13D9623C96FC400DB436E /* PBXTargetDependency */ = {
			isa = PBXTargetDependency;
			target = 5EA13D7D23C96FC100DB436E /* tippyv2 */;
			targetProxy = 5EA13D9523C96FC400DB436E /* PBXContainerItemProxy */;
		};
		5EA13DA123C96FC400DB436E /* PBXTargetDependency */ = {
			isa = PBXTargetDependency;
			target = 5EA13D7D23C96FC100DB436E /* tippyv2 */;
			targetProxy = 5EA13DA023C96FC400DB436E /* PBXContainerItemProxy */;
		};
/* End PBXTargetDependency section */

/* Begin PBXVariantGroup section */
		5EA13D8723C96FC200DB436E /* Main.storyboard */ = {
			isa = PBXVariantGroup;
			children = (
				5EA13D8823C96FC200DB436E /* Base */,
			);
			name = Main.storyboard;
			sourceTree = "<group>";
		};
		5EA13D8C23C96FC300DB436E /* LaunchScreen.storyboard */ = {
			isa = PBXVariantGroup;
			children = (
				5EA13D8D23C96FC300DB436E /* Base */,
			);
			name = LaunchScreen.storyboard;
			sourceTree = "<group>";
		};
/* End PBXVariantGroup section */

/* Begin XCBuildConfiguration section */
		5EA13DA623C96FC400DB436E /* Debug */ = {
			isa = XCBuildConfiguration;
			buildSettings = {
				ALWAYS_SEARCH_USER_PATHS = NO;
				CLANG_ANALYZER_NONNULL = YES;
				CLANG_ANALYZER_NUMBER_OBJECT_CONVERSION = YES_AGGRESSIVE;
				CLANG_CXX_LANGUAGE_STANDARD = "gnu++14";
				CLANG_CXX_LIBRARY = "libc++";
				CLANG_ENABLE_MODULES = YES;
				CLANG_ENABLE_OBJC_ARC = YES;
				CLANG_ENABLE_OBJC_WEAK = YES;
				CLANG_WARN_BLOCK_CAPTURE_AUTORELEASING = YES;
				CLANG_WARN_BOOL_CONVERSION = YES;
				CLANG_WARN_COMMA = YES;
				CLANG_WARN_CONSTANT_CONVERSION = YES;
				CLANG_WARN_DEPRECATED_OBJC_IMPLEMENTATIONS = YES;
				CLANG_WARN_DIRECT_OBJC_ISA_USAGE = YES_ERROR;
				CLANG_WARN_DOCUMENTATION_COMMENTS = YES;
				CLANG_WARN_EMPTY_BODY = YES;
				CLANG_WARN_ENUM_CONVERSION = YES;
				CLANG_WARN_INFINITE_RECURSION = YES;
				CLANG_WARN_INT_CONVERSION = YES;
				CLANG_WARN_NON_LITERAL_NULL_CONVERSION = YES;
				CLANG_WARN_OBJC_IMPLICIT_RETAIN_SELF = YES;
				CLANG_WARN_OBJC_LITERAL_CONVERSION = YES;
				CLANG_WARN_OBJC_ROOT_CLASS = YES_ERROR;
				CLANG_WARN_RANGE_LOOP_ANALYSIS = YES;
				CLANG_WARN_STRICT_PROTOTYPES = YES;
				CLANG_WARN_SUSPICIOUS_MOVE = YES;
				CLANG_WARN_UNGUARDED_AVAILABILITY = YES_AGGRESSIVE;
				CLANG_WARN_UNREACHABLE_CODE = YES;
				CLANG_WARN__DUPLICATE_METHOD_MATCH = YES;
				COPY_PHASE_STRIP = NO;
				DEBUG_INFORMATION_FORMAT = dwarf;
				ENABLE_STRICT_OBJC_MSGSEND = YES;
				ENABLE_TESTABILITY = YES;
				GCC_C_LANGUAGE_STANDARD = gnu11;
				GCC_DYNAMIC_NO_PIC = NO;
				GCC_NO_COMMON_BLOCKS = YES;
				GCC_OPTIMIZATION_LEVEL = 0;
				GCC_PREPROCESSOR_DEFINITIONS = (
					"DEBUG=1",
					"$(inherited)",
				);
				GCC_WARN_64_TO_32_BIT_CONVERSION = YES;
				GCC_WARN_ABOUT_RETURN_TYPE = YES_ERROR;
				GCC_WARN_UNDECLARED_SELECTOR = YES;
				GCC_WARN_UNINITIALIZED_AUTOS = YES_AGGRESSIVE;
				GCC_WARN_UNUSED_FUNCTION = YES;
				GCC_WARN_UNUSED_VARIABLE = YES;
				IPHONEOS_DEPLOYMENT_TARGET = 13.2;
				MTL_ENABLE_DEBUG_INFO = INCLUDE_SOURCE;
				MTL_FAST_MATH = YES;
				ONLY_ACTIVE_ARCH = YES;
				SDKROOT = iphoneos;
				SWIFT_ACTIVE_COMPILATION_CONDITIONS = DEBUG;
				SWIFT_OPTIMIZATION_LEVEL = "-Onone";
			};
			name = Debug;
		};
		5EA13DA723C96FC400DB436E /* Release */ = {
			isa = XCBuildConfiguration;
			buildSettings = {
				ALWAYS_SEARCH_USER_PATHS = NO;
				CLANG_ANALYZER_NONNULL = YES;
				CLANG_ANALYZER_NUMBER_OBJECT_CONVERSION = YES_AGGRESSIVE;
				CLANG_CXX_LANGUAGE_STANDARD = "gnu++14";
				CLANG_CXX_LIBRARY = "libc++";
				CLANG_ENABLE_MODULES = YES;
				CLANG_ENABLE_OBJC_ARC = YES;
				CLANG_ENABLE_OBJC_WEAK = YES;
				CLANG_WARN_BLOCK_CAPTURE_AUTORELEASING = YES;
				CLANG_WARN_BOOL_CONVERSION = YES;
				CLANG_WARN_COMMA = YES;
				CLANG_WARN_CONSTANT_CONVERSION = YES;
				CLANG_WARN_DEPRECATED_OBJC_IMPLEMENTATIONS = YES;
				CLANG_WARN_DIRECT_OBJC_ISA_USAGE = YES_ERROR;
				CLANG_WARN_DOCUMENTATION_COMMENTS = YES;
				CLANG_WARN_EMPTY_BODY = YES;
				CLANG_WARN_ENUM_CONVERSION = YES;
				CLANG_WARN_INFINITE_RECURSION = YES;
				CLANG_WARN_INT_CONVERSION = YES;
				CLANG_WARN_NON_LITERAL_NULL_CONVERSION = YES;
				CLANG_WARN_OBJC_IMPLICIT_RETAIN_SELF = YES;
				CLANG_WARN_OBJC_LITERAL_CONVERSION = YES;
				CLANG_WARN_OBJC_ROOT_CLASS = YES_ERROR;
				CLANG_WARN_RANGE_LOOP_ANALYSIS = YES;
				CLANG_WARN_STRICT_PROTOTYPES = YES;
				CLANG_WARN_SUSPICIOUS_MOVE = YES;
				CLANG_WARN_UNGUARDED_AVAILABILITY = YES_AGGRESSIVE;
				CLANG_WARN_UNREACHABLE_CODE = YES;
				CLANG_WARN__DUPLICATE_METHOD_MATCH = YES;
				COPY_PHASE_STRIP = NO;
				DEBUG_INFORMATION_FORMAT = "dwarf-with-dsym";
				ENABLE_NS_ASSERTIONS = NO;
				ENABLE_STRICT_OBJC_MSGSEND = YES;
				GCC_C_LANGUAGE_STANDARD = gnu11;
				GCC_NO_COMMON_BLOCKS = YES;
				GCC_WARN_64_TO_32_BIT_CONVERSION = YES;
				GCC_WARN_ABOUT_RETURN_TYPE = YES_ERROR;
				GCC_WARN_UNDECLARED_SELECTOR = YES;
				GCC_WARN_UNINITIALIZED_AUTOS = YES_AGGRESSIVE;
				GCC_WARN_UNUSED_FUNCTION = YES;
				GCC_WARN_UNUSED_VARIABLE = YES;
				IPHONEOS_DEPLOYMENT_TARGET = 13.2;
				MTL_ENABLE_DEBUG_INFO = NO;
				MTL_FAST_MATH = YES;
				SDKROOT = iphoneos;
				SWIFT_COMPILATION_MODE = wholemodule;
				SWIFT_OPTIMIZATION_LEVEL = "-O";
				VALIDATE_PRODUCT = YES;
			};
			name = Release;
		};
		5EA13DA923C96FC400DB436E /* Debug */ = {
			isa = XCBuildConfiguration;
			buildSettings = {
				ASSETCATALOG_COMPILER_APPICON_NAME = AppIcon;
				CODE_SIGN_STYLE = Automatic;
				INFOPLIST_FILE = tippyv2/Info.plist;
				LD_RUNPATH_SEARCH_PATHS = (
					"$(inherited)",
					"@executable_path/Frameworks",
				);
				PRODUCT_BUNDLE_IDENTIFIER = com.sjsu.tippyv2;
				PRODUCT_NAME = "$(TARGET_NAME)";
				SWIFT_VERSION = 5.0;
				TARGETED_DEVICE_FAMILY = "1,2";
			};
			name = Debug;
		};
		5EA13DAA23C96FC400DB436E /* Release */ = {
			isa = XCBuildConfiguration;
			buildSettings = {
				ASSETCATALOG_COMPILER_APPICON_NAME = AppIcon;
				CODE_SIGN_STYLE = Automatic;
				INFOPLIST_FILE = tippyv2/Info.plist;
				LD_RUNPATH_SEARCH_PATHS = (
					"$(inherited)",
					"@executable_path/Frameworks",
				);
				PRODUCT_BUNDLE_IDENTIFIER = com.sjsu.tippyv2;
				PRODUCT_NAME = "$(TARGET_NAME)";
				SWIFT_VERSION = 5.0;
				TARGETED_DEVICE_FAMILY = "1,2";
			};
			name = Release;
		};
		5EA13DAC23C96FC400DB436E /* Debug */ = {
			isa = XCBuildConfiguration;
			buildSettings = {
				ALWAYS_EMBED_SWIFT_STANDARD_LIBRARIES = YES;
				BUNDLE_LOADER = "$(TEST_HOST)";
				CODE_SIGN_STYLE = Automatic;
				INFOPLIST_FILE = tippyv2Tests/Info.plist;
				IPHONEOS_DEPLOYMENT_TARGET = 13.2;
				LD_RUNPATH_SEARCH_PATHS = (
					"$(inherited)",
					"@executable_path/Frameworks",
					"@loader_path/Frameworks",
				);
				PRODUCT_BUNDLE_IDENTIFIER = com.sjsu.tippyv2Tests;
				PRODUCT_NAME = "$(TARGET_NAME)";
				SWIFT_VERSION = 5.0;
				TARGETED_DEVICE_FAMILY = "1,2";
				TEST_HOST = "$(BUILT_PRODUCTS_DIR)/tippyv2.app/tippyv2";
			};
			name = Debug;
		};
		5EA13DAD23C96FC400DB436E /* Release */ = {
			isa = XCBuildConfiguration;
			buildSettings = {
				ALWAYS_EMBED_SWIFT_STANDARD_LIBRARIES = YES;
				BUNDLE_LOADER = "$(TEST_HOST)";
				CODE_SIGN_STYLE = Automatic;
				INFOPLIST_FILE = tippyv2Tests/Info.plist;
				IPHONEOS_DEPLOYMENT_TARGET = 13.2;
				LD_RUNPATH_SEARCH_PATHS = (
					"$(inherited)",
					"@executable_path/Frameworks",
					"@loader_path/Frameworks",
				);
				PRODUCT_BUNDLE_IDENTIFIER = com.sjsu.tippyv2Tests;
				PRODUCT_NAME = "$(TARGET_NAME)";
				SWIFT_VERSION = 5.0;
				TARGETED_DEVICE_FAMILY = "1,2";
				TEST_HOST = "$(BUILT_PRODUCTS_DIR)/tippyv2.app/tippyv2";
			};
			name = Release;
		};
		5EA13DAF23C96FC400DB436E /* Debug */ = {
			isa = XCBuildConfiguration;
			buildSettings = {
				ALWAYS_EMBED_SWIFT_STANDARD_LIBRARIES = YES;
				CODE_SIGN_STYLE = Automatic;
				INFOPLIST_FILE = tippyv2UITests/Info.plist;
				LD_RUNPATH_SEARCH_PATHS = (
					"$(inherited)",
					"@executable_path/Frameworks",
					"@loader_path/Frameworks",
				);
				PRODUCT_BUNDLE_IDENTIFIER = com.sjsu.tippyv2UITests;
				PRODUCT_NAME = "$(TARGET_NAME)";
				SWIFT_VERSION = 5.0;
				TARGETED_DEVICE_FAMILY = "1,2";
				TEST_TARGET_NAME = tippyv2;
			};
			name = Debug;
		};
		5EA13DB023C96FC400DB436E /* Release */ = {
			isa = XCBuildConfiguration;
			buildSettings = {
				ALWAYS_EMBED_SWIFT_STANDARD_LIBRARIES = YES;
				CODE_SIGN_STYLE = Automatic;
				INFOPLIST_FILE = tippyv2UITests/Info.plist;
				LD_RUNPATH_SEARCH_PATHS = (
					"$(inherited)",
					"@executable_path/Frameworks",
					"@loader_path/Frameworks",
				);
				PRODUCT_BUNDLE_IDENTIFIER = com.sjsu.tippyv2UITests;
				PRODUCT_NAME = "$(TARGET_NAME)";
				SWIFT_VERSION = 5.0;
				TARGETED_DEVICE_FAMILY = "1,2";
				TEST_TARGET_NAME = tippyv2;
			};
			name = Release;
		};
/* End XCBuildConfiguration section */

/* Begin XCConfigurationList section */
		5EA13D7923C96FC100DB436E /* Build configuration list for PBXProject "tippyv2" */ = {
			isa = XCConfigurationList;
			buildConfigurations = (
				5EA13DA623C96FC400DB436E /* Debug */,
				5EA13DA723C96FC400DB436E /* Release */,
			);
			defaultConfigurationIsVisible = 0;
			defaultConfigurationName = Release;
		};
		5EA13DA823C96FC400DB436E /* Build configuration list for PBXNativeTarget "tippyv2" */ = {
			isa = XCConfigurationList;
			buildConfigurations = (
				5EA13DA923C96FC400DB436E /* Debug */,
				5EA13DAA23C96FC400DB436E /* Release */,
			);
			defaultConfigurationIsVisible = 0;
			defaultConfigurationName = Release;
		};
		5EA13DAB23C96FC400DB436E /* Build configuration list for PBXNativeTarget "tippyv2Tests" */ = {
			isa = XCConfigurationList;
			buildConfigurations = (
				5EA13DAC23C96FC400DB436E /* Debug */,
				5EA13DAD23C96FC400DB436E /* Release */,
			);
			defaultConfigurationIsVisible = 0;
			defaultConfigurationName = Release;
		};
		5EA13DAE23C96FC400DB436E /* Build configuration list for PBXNativeTarget "tippyv2UITests" */ = {
			isa = XCConfigurationList;
			buildConfigurations = (
				5EA13DAF23C96FC400DB436E /* Debug */,
				5EA13DB023C96FC400DB436E /* Release */,
			);
			defaultConfigurationIsVisible = 0;
			defaultConfigurationName = Release;
		};
/* End XCConfigurationList section */
	};
	rootObject = 5EA13D7623C96FC100DB436E /* Project object */;
}
